
Microsoft Visual Studio Solution File, Format Version 10.00
# Visual Studio 2008
Project("{8BC9CEB8-8B4A-11D0-8D11-00A0C91BC942}") = "EZSocket2", "EZSocket2\EZSocket2.vcproj", "{7C65CA45-D66F-485C-A7DE-663C81796EAF}"
EndProject
Global
	GlobalSection(SolutionConfigurationPlatforms) = preSolution
		Debug|Win32 = Debug|Win32
		Release|Win32 = Release|Win32
	EndGlobalSection
	GlobalSection(ProjectConfigurationPlatforms) = postSolution
		{7C65CA45-D66F-485C-A7DE-663C81796EAF}.Debug|Win32.ActiveCfg = Debug|Win32
		{7C65CA45-D66F-485C-A7DE-663C81796EAF}.Debug|Win32.Build.0 = Debug|Win32
		{7C65CA45-D66F-485C-A7DE-663C81796EAF}.Release|Win32.ActiveCfg = Release|Win32
		{7C65CA45-D66F-485C-A7DE-663C81796EAF}.Release|Win32.Build.0 = Release|Win32
	EndGlobalSection
	GlobalSection(SolutionProperties) = preSolution
		HideSolutionNode = FALSE
	EndGlobalSection
EndGlobal
